// !$*UTF8*$!
{
	archiveVersion = 1;
	classes = {
	};
	objectVersion = 46;
	objects = {

/* Begin PBXBuildFile section */
		2B6D0DB01680EDF80091F3D7 /* GSRfileBuilder.m in Sources */ = {isa = PBXBuildFile; fileRef = 2B6D0DAC1680EDF80091F3D7 /* GSRfileBuilder.m */; };
		2B6D0DB31680EE920091F3D7 /* GSRfileWriter.m in Sources */ = {isa = PBXBuildFile; fileRef = 2B6D0DB21680EE920091F3D7 /* GSRfileWriter.m */; };
		2BC9621E15E7C627001D0771 /* NSString+Rfile.m in Sources */ = {isa = PBXBuildFile; fileRef = 2BC9621D15E7C627001D0771 /* NSString+Rfile.m */; };
		2BCE89C415E5FDF6007DF5E7 /* Foundation.framework in Frameworks */ = {isa = PBXBuildFile; fileRef = 2BCE89C315E5FDF6007DF5E7 /* Foundation.framework */; };
		2BCE89C715E5FDF6007DF5E7 /* main.m in Sources */ = {isa = PBXBuildFile; fileRef = 2BCE89C615E5FDF6007DF5E7 /* main.m */; };
		2BD422B716B5512900FDC029 /* libGRMustache6-MacOS.a in Frameworks */ = {isa = PBXBuildFile; fileRef = 2BD422B616B5512900FDC029 /* libGRMustache6-MacOS.a */; };
		2BF7ADE316BAC12600525014 /* GSImageHandler.m in Sources */ = {isa = PBXBuildFile; fileRef = 2BF7ADE016BAC12600525014 /* GSImageHandler.m */; };
		2BF7ADE416BAC12600525014 /* GSStringsHandler.m in Sources */ = {isa = PBXBuildFile; fileRef = 2BF7ADE216BAC12600525014 /* GSStringsHandler.m */; };
		2BF7ADE716BAC44800525014 /* GSFontHandler.m in Sources */ = {isa = PBXBuildFile; fileRef = 2BF7ADE616BAC44800525014 /* GSFontHandler.m */; };
/* End PBXBuildFile section */

/* Begin PBXCopyFilesBuildPhase section */
		2BCE89BD15E5FDF6007DF5E7 /* CopyFiles */ = {
			isa = PBXCopyFilesBuildPhase;
			buildActionMask = 2147483647;
			dstPath = /usr/share/man/man1/;
			dstSubfolderSpec = 0;
			files = (
			);
			runOnlyForDeploymentPostprocessing = 1;
		};
/* End PBXCopyFilesBuildPhase section */

/* Begin PBXFileReference section */
		2B6D0DAB1680EDF80091F3D7 /* GSRfileBuilder.h */ = {isa = PBXFileReference; fileEncoding = 4; lastKnownFileType = sourcecode.c.h; path = GSRfileBuilder.h; sourceTree = "<group>"; };
		2B6D0DAC1680EDF80091F3D7 /* GSRfileBuilder.m */ = {isa = PBXFileReference; fileEncoding = 4; lastKnownFileType = sourcecode.c.objc; path = GSRfileBuilder.m; sourceTree = "<group>"; };
		2B6D0DAF1680EDF80091F3D7 /* GSRfileWriter.h */ = {isa = PBXFileReference; fileEncoding = 4; lastKnownFileType = sourcecode.c.h; path = GSRfileWriter.h; sourceTree = "<group>"; };
		2B6D0DB21680EE920091F3D7 /* GSRfileWriter.m */ = {isa = PBXFileReference; fileEncoding = 4; lastKnownFileType = sourcecode.c.objc; path = GSRfileWriter.m; sourceTree = "<group>"; };
		2BC9621915E79689001D0771 /* NSString+Rfile.h */ = {isa = PBXFileReference; fileEncoding = 4; lastKnownFileType = sourcecode.c.h; path = "NSString+Rfile.h"; sourceTree = "<group>"; };
		2BC9621D15E7C627001D0771 /* NSString+Rfile.m */ = {isa = PBXFileReference; fileEncoding = 4; lastKnownFileType = sourcecode.c.objc; path = "NSString+Rfile.m"; sourceTree = "<group>"; };
		2BCE89BF15E5FDF6007DF5E7 /* Rfile */ = {isa = PBXFileReference; explicitFileType = "compiled.mach-o.executable"; includeInIndex = 0; path = Rfile; sourceTree = BUILT_PRODUCTS_DIR; };
		2BCE89C315E5FDF6007DF5E7 /* Foundation.framework */ = {isa = PBXFileReference; lastKnownFileType = wrapper.framework; name = Foundation.framework; path = System/Library/Frameworks/Foundation.framework; sourceTree = SDKROOT; };
		2BCE89C615E5FDF6007DF5E7 /* main.m */ = {isa = PBXFileReference; lastKnownFileType = sourcecode.c.objc; path = main.m; sourceTree = "<group>"; };
		2BCE89D715E600EF007DF5E7 /* GSResourceHandler.h */ = {isa = PBXFileReference; fileEncoding = 4; lastKnownFileType = sourcecode.c.h; path = GSResourceHandler.h; sourceTree = "<group>"; };
		2BD4229E16B3C2A200FDC029 /* GSRfileTemplate.h */ = {isa = PBXFileReference; lastKnownFileType = sourcecode.c.h; path = GSRfileTemplate.h; sourceTree = "<group>"; };
		2BD422A016B3C40900FDC029 /* Rfile.template */ = {isa = PBXFileReference; explicitFileType = sourcecode.c.h; path = Rfile.template; sourceTree = "<group>"; };
		2BD422AB16B5512900FDC029 /* GRMustache.h */ = {isa = PBXFileReference; fileEncoding = 4; lastKnownFileType = sourcecode.c.h; path = GRMustache.h; sourceTree = "<group>"; };
		2BD422AC16B5512900FDC029 /* GRMustacheAvailabilityMacros.h */ = {isa = PBXFileReference; fileEncoding = 4; lastKnownFileType = sourcecode.c.h; path = GRMustacheAvailabilityMacros.h; sourceTree = "<group>"; };
		2BD422AD16B5512900FDC029 /* GRMustacheContext.h */ = {isa = PBXFileReference; fileEncoding = 4; lastKnownFileType = sourcecode.c.h; path = GRMustacheContext.h; sourceTree = "<group>"; };
		2BD422AE16B5512900FDC029 /* GRMustacheError.h */ = {isa = PBXFileReference; fileEncoding = 4; lastKnownFileType = sourcecode.c.h; path = GRMustacheError.h; sourceTree = "<group>"; };
		2BD422AF16B5512900FDC029 /* GRMustacheFilter.h */ = {isa = PBXFileReference; fileEncoding = 4; lastKnownFileType = sourcecode.c.h; path = GRMustacheFilter.h; sourceTree = "<group>"; };
		2BD422B016B5512900FDC029 /* GRMustacheRendering.h */ = {isa = PBXFileReference; fileEncoding = 4; lastKnownFileType = sourcecode.c.h; path = GRMustacheRendering.h; sourceTree = "<group>"; };
		2BD422B116B5512900FDC029 /* GRMustacheTag.h */ = {isa = PBXFileReference; fileEncoding = 4; lastKnownFileType = sourcecode.c.h; path = GRMustacheTag.h; sourceTree = "<group>"; };
		2BD422B216B5512900FDC029 /* GRMustacheTagDelegate.h */ = {isa = PBXFileReference; fileEncoding = 4; lastKnownFileType = sourcecode.c.h; path = GRMustacheTagDelegate.h; sourceTree = "<group>"; };
		2BD422B316B5512900FDC029 /* GRMustacheTemplate.h */ = {isa = PBXFileReference; fileEncoding = 4; lastKnownFileType = sourcecode.c.h; path = GRMustacheTemplate.h; sourceTree = "<group>"; };
		2BD422B416B5512900FDC029 /* GRMustacheTemplateRepository.h */ = {isa = PBXFileReference; fileEncoding = 4; lastKnownFileType = sourcecode.c.h; path = GRMustacheTemplateRepository.h; sourceTree = "<group>"; };
		2BD422B516B5512900FDC029 /* GRMustacheVersion.h */ = {isa = PBXFileReference; fileEncoding = 4; lastKnownFileType = sourcecode.c.h; path = GRMustacheVersion.h; sourceTree = "<group>"; };
		2BD422B616B5512900FDC029 /* libGRMustache6-MacOS.a */ = {isa = PBXFileReference; lastKnownFileType = archive.ar; name = "libGRMustache6-MacOS.a"; path = "Mustache/libGRMustache6-MacOS.a"; sourceTree = "<group>"; };
		2BF7ADDF16BAC12600525014 /* GSImageHandler.h */ = {isa = PBXFileReference; fileEncoding = 4; lastKnownFileType = sourcecode.c.h; path = GSImageHandler.h; sourceTree = "<group>"; };
		2BF7ADE016BAC12600525014 /* GSImageHandler.m */ = {isa = PBXFileReference; fileEncoding = 4; lastKnownFileType = sourcecode.c.objc; path = GSImageHandler.m; sourceTree = "<group>"; };
		2BF7ADE116BAC12600525014 /* GSStringsHandler.h */ = {isa = PBXFileReference; fileEncoding = 4; lastKnownFileType = sourcecode.c.h; path = GSStringsHandler.h; sourceTree = "<group>"; };
		2BF7ADE216BAC12600525014 /* GSStringsHandler.m */ = {isa = PBXFileReference; fileEncoding = 4; lastKnownFileType = sourcecode.c.objc; path = GSStringsHandler.m; sourceTree = "<group>"; };
		2BF7ADE516BAC44800525014 /* GSFontHandler.h */ = {isa = PBXFileReference; fileEncoding = 4; lastKnownFileType = sourcecode.c.h; path = GSFontHandler.h; sourceTree = "<group>"; };
		2BF7ADE616BAC44800525014 /* GSFontHandler.m */ = {isa = PBXFileReference; fileEncoding = 4; lastKnownFileType = sourcecode.c.objc; path = GSFontHandler.m; sourceTree = "<group>"; };
		2BF7ADE816BAC5BB00525014 /* GSFontLists.h */ = {isa = PBXFileReference; lastKnownFileType = sourcecode.c.h; path = GSFontLists.h; sourceTree = "<group>"; };
/* End PBXFileReference section */

/* Begin PBXFrameworksBuildPhase section */
		2BCE89BC15E5FDF6007DF5E7 /* Frameworks */ = {
			isa = PBXFrameworksBuildPhase;
			buildActionMask = 2147483647;
			files = (
				2BCE89C415E5FDF6007DF5E7 /* Foundation.framework in Frameworks */,
				2BD422B716B5512900FDC029 /* libGRMustache6-MacOS.a in Frameworks */,
			);
			runOnlyForDeploymentPostprocessing = 0;
		};
/* End PBXFrameworksBuildPhase section */

/* Begin PBXGroup section */
		2BCE89B415E5FDF6007DF5E7 = {
			isa = PBXGroup;
			children = (
				2BCE89C515E5FDF6007DF5E7 /* Rfile */,
				2BD422AA16B5511B00FDC029 /* Mustache */,
				2BCE89C215E5FDF6007DF5E7 /* Frameworks */,
				2BCE89C015E5FDF6007DF5E7 /* Products */,
			);
			sourceTree = "<group>";
		};
		2BCE89C015E5FDF6007DF5E7 /* Products */ = {
			isa = PBXGroup;
			children = (
				2BCE89BF15E5FDF6007DF5E7 /* Rfile */,
			);
			name = Products;
			sourceTree = "<group>";
		};
		2BCE89C215E5FDF6007DF5E7 /* Frameworks */ = {
			isa = PBXGroup;
			children = (
				2BCE89C315E5FDF6007DF5E7 /* Foundation.framework */,
				2BD422B616B5512900FDC029 /* libGRMustache6-MacOS.a */,
			);
			name = Frameworks;
			sourceTree = "<group>";
		};
		2BCE89C515E5FDF6007DF5E7 /* Rfile */ = {
			isa = PBXGroup;
			children = (
				2BD422A316B3C96800FDC029 /* Main */,
				2BF7ADDE16BAC0CF00525014 /* Resources */,
				2BD422A116B3C94C00FDC029 /* Template */,
			);
			path = Rfile;
			sourceTree = "<group>";
		};
		2BD422A116B3C94C00FDC029 /* Template */ = {
			isa = PBXGroup;
			children = (
				2BD4229E16B3C2A200FDC029 /* GSRfileTemplate.h */,
				2BD422A016B3C40900FDC029 /* Rfile.template */,
			);
			name = Template;
			sourceTree = "<group>";
		};
		2BD422A316B3C96800FDC029 /* Main */ = {
			isa = PBXGroup;
			children = (
				2BCE89C615E5FDF6007DF5E7 /* main.m */,
				2B6D0DAB1680EDF80091F3D7 /* GSRfileBuilder.h */,
				2B6D0DAC1680EDF80091F3D7 /* GSRfileBuilder.m */,
				2B6D0DAF1680EDF80091F3D7 /* GSRfileWriter.h */,
				2B6D0DB21680EE920091F3D7 /* GSRfileWriter.m */,
				2BC9621915E79689001D0771 /* NSString+Rfile.h */,
				2BC9621D15E7C627001D0771 /* NSString+Rfile.m */,
			);
			name = Main;
			sourceTree = "<group>";
		};
		2BD422AA16B5511B00FDC029 /* Mustache */ = {
			isa = PBXGroup;
			children = (
				2BD422AB16B5512900FDC029 /* GRMustache.h */,
				2BD422AC16B5512900FDC029 /* GRMustacheAvailabilityMacros.h */,
				2BD422AD16B5512900FDC029 /* GRMustacheContext.h */,
				2BD422AE16B5512900FDC029 /* GRMustacheError.h */,
				2BD422AF16B5512900FDC029 /* GRMustacheFilter.h */,
				2BD422B016B5512900FDC029 /* GRMustacheRendering.h */,
				2BD422B116B5512900FDC029 /* GRMustacheTag.h */,
				2BD422B216B5512900FDC029 /* GRMustacheTagDelegate.h */,
				2BD422B316B5512900FDC029 /* GRMustacheTemplate.h */,
				2BD422B416B5512900FDC029 /* GRMustacheTemplateRepository.h */,
				2BD422B516B5512900FDC029 /* GRMustacheVersion.h */,
			);
			path = Mustache;
			sourceTree = "<group>";
		};
		2BF7ADDE16BAC0CF00525014 /* Resources */ = {
			isa = PBXGroup;
			children = (
				2BCE89D715E600EF007DF5E7 /* GSResourceHandler.h */,
				2BF7ADDF16BAC12600525014 /* GSImageHandler.h */,
				2BF7ADE016BAC12600525014 /* GSImageHandler.m */,
				2BF7ADE116BAC12600525014 /* GSStringsHandler.h */,
				2BF7ADE216BAC12600525014 /* GSStringsHandler.m */,
				2BF7ADE516BAC44800525014 /* GSFontHandler.h */,
				2BF7ADE616BAC44800525014 /* GSFontHandler.m */,
				2BF7ADE816BAC5BB00525014 /* GSFontLists.h */,
			);
			name = Resources;
			sourceTree = "<group>";
		};
/* End PBXGroup section */

/* Begin PBXNativeTarget section */
		2BCE89BE15E5FDF6007DF5E7 /* Rfile */ = {
			isa = PBXNativeTarget;
			buildConfigurationList = 2BCE89CE15E5FDF6007DF5E7 /* Build configuration list for PBXNativeTarget "Rfile" */;
			buildPhases = (
				2BCE89BB15E5FDF6007DF5E7 /* Sources */,
				2BCE89BC15E5FDF6007DF5E7 /* Frameworks */,
				2BCE89BD15E5FDF6007DF5E7 /* CopyFiles */,
			);
			buildRules = (
			);
			dependencies = (
			);
			name = Rfile;
			productName = Rfile;
			productReference = 2BCE89BF15E5FDF6007DF5E7 /* Rfile */;
			productType = "com.apple.product-type.tool";
		};
/* End PBXNativeTarget section */

/* Begin PBXProject section */
		2BCE89B615E5FDF6007DF5E7 /* Project object */ = {
			isa = PBXProject;
			attributes = {
				LastUpgradeCheck = 0440;
				ORGANIZATIONNAME = "Gil Shapira";
			};
			buildConfigurationList = 2BCE89B915E5FDF6007DF5E7 /* Build configuration list for PBXProject "Rfile" */;
			compatibilityVersion = "Xcode 3.2";
			developmentRegion = English;
			hasScannedForEncodings = 0;
			knownRegions = (
				en,
			);
			mainGroup = 2BCE89B415E5FDF6007DF5E7;
			productRefGroup = 2BCE89C015E5FDF6007DF5E7 /* Products */;
			projectDirPath = "";
			projectRoot = "";
			targets = (
				2BCE89BE15E5FDF6007DF5E7 /* Rfile */,
			);
		};
/* End PBXProject section */

/* Begin PBXSourcesBuildPhase section */
		2BCE89BB15E5FDF6007DF5E7 /* Sources */ = {
			isa = PBXSourcesBuildPhase;
			buildActionMask = 2147483647;
			files = (
				2BCE89C715E5FDF6007DF5E7 /* main.m in Sources */,
				2BC9621E15E7C627001D0771 /* NSString+Rfile.m in Sources */,
				2B6D0DB01680EDF80091F3D7 /* GSRfileBuilder.m in Sources */,
				2B6D0DB31680EE920091F3D7 /* GSRfileWriter.m in Sources */,
				2BF7ADE316BAC12600525014 /* GSImageHandler.m in Sources */,
				2BF7ADE416BAC12600525014 /* GSStringsHandler.m in Sources */,
				2BF7ADE716BAC44800525014 /* GSFontHandler.m in Sources */,
			);
			runOnlyForDeploymentPostprocessing = 0;
		};
/* End PBXSourcesBuildPhase section */

/* Begin XCBuildConfiguration section */
		2BCE89CC15E5FDF6007DF5E7 /* Debug */ = {
			isa = XCBuildConfiguration;
			buildSettings = {
				ALWAYS_SEARCH_USER_PATHS = NO;
				ARCHS = "$(ARCHS_STANDARD_64_BIT)";
				CLANG_CXX_LANGUAGE_STANDARD = "gnu++0x";
				CLANG_ENABLE_OBJC_ARC = YES;
				CLANG_WARN__DUPLICATE_METHOD_MATCH = YES;
				COPY_PHASE_STRIP = NO;
				GCC_C_LANGUAGE_STANDARD = gnu99;
				GCC_DYNAMIC_NO_PIC = NO;
				GCC_ENABLE_OBJC_EXCEPTIONS = YES;
				GCC_OPTIMIZATION_LEVEL = 0;
				GCC_PREPROCESSOR_DEFINITIONS = (
					"DEBUG=1",
					"$(inherited)",
				);
				GCC_SYMBOLS_PRIVATE_EXTERN = NO;
				GCC_WARN_64_TO_32_BIT_CONVERSION = YES;
				GCC_WARN_ABOUT_RETURN_TYPE = YES;
				GCC_WARN_UNINITIALIZED_AUTOS = YES;
				GCC_WARN_UNUSED_VARIABLE = YES;
				MACOSX_DEPLOYMENT_TARGET = 10.6;
				ONLY_ACTIVE_ARCH = YES;
				SDKROOT = macosx;
			};
			name = Debug;
		};
		2BCE89CD15E5FDF6007DF5E7 /* Release */ = {
			isa = XCBuildConfiguration;
			buildSettings = {
				ALWAYS_SEARCH_USER_PATHS = NO;
				ARCHS = "$(ARCHS_STANDARD_64_BIT)";
				CLANG_CXX_LANGUAGE_STANDARD = "gnu++0x";
				CLANG_ENABLE_OBJC_ARC = YES;
				CLANG_WARN__DUPLICATE_METHOD_MATCH = YES;
				COPY_PHASE_STRIP = YES;
				DEBUG_INFORMATION_FORMAT = "dwarf-with-dsym";
				GCC_C_LANGUAGE_STANDARD = gnu99;
				GCC_ENABLE_OBJC_EXCEPTIONS = YES;
				GCC_WARN_64_TO_32_BIT_CONVERSION = YES;
				GCC_WARN_ABOUT_RETURN_TYPE = YES;
				GCC_WARN_UNINITIALIZED_AUTOS = YES;
				GCC_WARN_UNUSED_VARIABLE = YES;
				MACOSX_DEPLOYMENT_TARGET = 10.6;
				SDKROOT = macosx;
			};
			name = Release;
		};
		2BCE89CF15E5FDF6007DF5E7 /* Debug */ = {
			isa = XCBuildConfiguration;
			buildSettings = {
				LIBRARY_SEARCH_PATHS = (
					"$(inherited)",
					"\"$(SRCROOT)/Mustache\"",
				);
				PRODUCT_NAME = "$(TARGET_NAME)";
			};
			name = Debug;
		};
		2BCE89D015E5FDF6007DF5E7 /* Release */ = {
			isa = XCBuildConfiguration;
			buildSettings = {
				LIBRARY_SEARCH_PATHS = (
					"$(inherited)",
					"\"$(SRCROOT)/Mustache\"",
				);
				PRODUCT_NAME = "$(TARGET_NAME)";
			};
			name = Release;
		};
/* End XCBuildConfiguration section */

/* Begin XCConfigurationList section */
		2BCE89B915E5FDF6007DF5E7 /* Build configuration list for PBXProject "Rfile" */ = {
			isa = XCConfigurationList;
			buildConfigurations = (
				2BCE89CC15E5FDF6007DF5E7 /* Debug */,
				2BCE89CD15E5FDF6007DF5E7 /* Release */,
			);
			defaultConfigurationIsVisible = 0;
			defaultConfigurationName = Release;
		};
		2BCE89CE15E5FDF6007DF5E7 /* Build configuration list for PBXNativeTarget "Rfile" */ = {
			isa = XCConfigurationList;
			buildConfigurations = (
				2BCE89CF15E5FDF6007DF5E7 /* Debug */,
				2BCE89D015E5FDF6007DF5E7 /* Release */,
			);
			defaultConfigurationIsVisible = 0;
			defaultConfigurationName = Release;
		};
/* End XCConfigurationList section */
	};
	rootObject = 2BCE89B615E5FDF6007DF5E7 /* Project object */;
}
